{
  "name": "application-name",
  "version": "0.0.1",
  "lockfileVersion": 1,
  "dependencies": {
    "angular": {
      "version": "1.6.4",
      "resolved": "https://registry.npmjs.org/angular/-/angular-1.6.4.tgz",
      "integrity": "sha1-A7exXAGggC1+LPWTJA5gQFTcd/s="
    },
    "angular-animate": {
      "version": "1.6.4",
      "resolved": "https://registry.npmjs.org/angular-animate/-/angular-animate-1.6.4.tgz",
      "integrity": "sha1-0+uQbTmDTy373Zgua416O02QAdI="
    },
    "angular-aria": {
      "version": "1.6.4",
      "resolved": "https://registry.npmjs.org/angular-aria/-/angular-aria-1.6.4.tgz",
      "integrity": "sha1-yGg2ZqzhlmaPaOciCBG9z8nhBuQ="
    },
    "angular-formly": {
      "version": "8.4.1",
      "resolved": "https://registry.npmjs.org/angular-formly/-/angular-formly-8.4.1.tgz",
      "integrity": "sha1-X4nIob70K6ATnzqKDVssk3E2Aa8="
    },
    "angular-formly-material": {
      "version": "0.14.3",
      "resolved": "https://registry.npmjs.org/angular-formly-material/-/angular-formly-material-0.14.3.tgz",
      "integrity": "sha1-Zv0+yHZz8XFWjfF80VgRU/fGO98="
    },
    "angular-formly-templates-bootstrap": {
      "version": "6.4.0",
      "resolved": "https://registry.npmjs.org/angular-formly-templates-bootstrap/-/angular-formly-templates-bootstrap-6.4.0.tgz",
      "integrity": "sha1-06pK1BvFMf9aSleu5/1AMRJJRoI="
    },
    "angular-material": {
      "version": "1.0.9",
      "resolved": "https://registry.npmjs.org/angular-material/-/angular-material-1.0.9.tgz",
      "integrity": "sha1-AOgW9jgf/RZLx+Vtz1ZUnw/2TWw="
    },
    "angular-messages": {
      "version": "1.6.4",
      "resolved": "https://registry.npmjs.org/angular-messages/-/angular-messages-1.6.4.tgz",
      "integrity": "sha1-nsnBOTKTsU3lQWHS+El3ZInpgP4="
    },
    "api-check": {
      "version": "https://registry.npmjs.org/api-check/-/api-check-7.5.5.tgz",
      "integrity": "sha1-l0ttPgzhaF0ZveIr9J2YMDlMlJg="
    },
    "bootstrap": {
      "version": "3.3.7",
      "resolved": "https://registry.npmjs.org/bootstrap/-/bootstrap-3.3.7.tgz",
      "integrity": "sha1-WjiTlFSfIzMIdaOxUGVldPip63E="
    }
  }
}
